
Microsoft Visual Studio Solution File, Format Version 12.00
# Visual Studio Version 17
VisualStudioVersion = 17.9.34622.214
MinimumVisualStudioVersion = 10.0.40219.1
Project("{FAE04EC0-301F-11D3-BF4B-00C04F79EFBC}") = "ContailsPerformance", "ContailsPerformance\ContailsPerformance.csproj", "{76EC0230-7544-41D9-8903-06CDA4BCD7FE}"
EndProject
Global
	GlobalSection(SolutionConfigurationPlatforms) = preSolution
		Debug|Any CPU = Debug|Any CPU
		Release|Any CPU = Release|Any CPU
	EndGlobalSection
	GlobalSection(ProjectConfigurationPlatforms) = postSolution
		{76EC0230-7544-41D9-8903-06CDA4BCD7FE}.Debug|Any CPU.ActiveCfg = Debug|Any CPU
		{76EC0230-7544-41D9-8903-06CDA4BCD7FE}.Debug|Any CPU.Build.0 = Debug|Any CPU
		{76EC0230-7544-41D9-8903-06CDA4BCD7FE}.Release|Any CPU.ActiveCfg = Release|Any CPU
		{76EC0230-7544-41D9-8903-06CDA4BCD7FE}.Release|Any CPU.Build.0 = Release|Any CPU
	EndGlobalSection
	GlobalSection(SolutionProperties) = preSolution
		HideSolutionNode = FALSE
	EndGlobalSection
	GlobalSection(ExtensibilityGlobals) = postSolution
		SolutionGuid = {68B4E49C-D7F3-4057-8D30-C8DE9B90E082}
	EndGlobalSection
EndGlobal
